
Microsoft Visual Studio Solution File, Format Version 12.00
# Visual Studio 15
VisualStudioVersion = 15.0.27428.2015
MinimumVisualStudioVersion = 10.0.40219.1
Project("{FAE04EC0-301F-11D3-BF4B-00C04F79EFBC}") = "WallCollisionAsAPoint", "WallCollisionAsAPoint\WallCollisionAsAPoint.csproj", "{46566F67-E04B-4293-8D37-2A27C41047D5}"
EndProject
Global
	GlobalSection(SolutionConfigurationPlatforms) = preSolution
		Debug|Any CPU = Debug|Any CPU
		Release|Any CPU = Release|Any CPU
	EndGlobalSection
	GlobalSection(ProjectConfigurationPlatforms) = postSolution
		{46566F67-E04B-4293-8D37-2A27C41047D5}.Debug|Any CPU.ActiveCfg = Debug|Any CPU
		{46566F67-E04B-4293-8D37-2A27C41047D5}.Debug|Any CPU.Build.0 = Debug|Any CPU
		{46566F67-E04B-4293-8D37-2A27C41047D5}.Release|Any CPU.ActiveCfg = Release|Any CPU
		{46566F67-E04B-4293-8D37-2A27C41047D5}.Release|Any CPU.Build.0 = Release|Any CPU
	EndGlobalSection
	GlobalSection(SolutionProperties) = preSolution
		HideSolutionNode = FALSE
	EndGlobalSection
	GlobalSection(ExtensibilityGlobals) = postSolution
		SolutionGuid = {A92527F7-0B07-4A63-A057-EB80B1575205}
	EndGlobalSection
EndGlobal
